{
  "lockfile_version": "1",
  "packages": {
    "nil@latest": {
      "last_modified": "2025-11-04T19:54:02Z",
      "resolved": "github:NixOS/nixpkgs/12c1f0253aa9a54fdf8ec8aecaafada64a111e24#nil",
      "source": "devbox-search",
      "version": "2025-06-13",
      "systems": {
        "aarch64-darwin": {
          "outputs": [
            {
              "name": "out",
              "path": "/nix/store/nqmaylja9ss58xxkf3aa32qyd7y1qs7k-nil-2025-06-13",
              "default": true
            }
          ],
          "store_path": "/nix/store/nqmaylja9ss58xxkf3aa32qyd7y1qs7k-nil-2025-06-13"
        },
        "aarch64-linux": {
          "outputs": [
            {
              "name": "out",
              "path": "/nix/store/fkbrqfwlaw8r4rw3gjim5pr4xp6km85l-nil-2025-06-13",
              "default": true
            }
          ],
          "store_path": "/nix/store/fkbrqfwlaw8r4rw3gjim5pr4xp6km85l-nil-2025-06-13"
        },
        "x86_64-darwin": {
          "outputs": [
            {
              "name": "out",
              "path": "/nix/store/pcgjrzkbvawhdkfmr1sjpmcz27nmmc0m-nil-2025-06-13",
              "default": true
            }
          ],
          "store_path": "/nix/store/pcgjrzkbvawhdkfmr1sjpmcz27nmmc0m-nil-2025-06-13"
        },
        "x86_64-linux": {
          "outputs": [
            {
              "name": "out",
              "path": "/nix/store/p60fylc1g8f6wxa8qjx9b3ixyjk4mrmp-nil-2025-06-13",
              "default": true
            }
          ],
          "store_path": "/nix/store/p60fylc1g8f6wxa8qjx9b3ixyjk4mrmp-nil-2025-06-13"
        }
      }
    },
    "nix@2.32.3": {
      "last_modified": "2025-11-08T12:28:21Z",
      "resolved": "github:NixOS/nixpkgs/f6b44b2401525650256b977063dbcf830f762369#nixVersions.latest",
      "source": "devbox-search",
      "version": "2.32.3",
      "systems": {
        "aarch64-darwin": {
          "outputs": [
            {
              "name": "out",
              "path": "/nix/store/2r2m5qgi4bsmn0dfvzlhfv6l5476ig84-nix-2.32.3",
              "default": true
            },
            {
              "name": "man",
              "path": "/nix/store/gymv3w073ibnxrj7vrpj6gm5553jbas1-nix-2.32.3-man",
              "default": true
            },
            {
              "name": "dev",
              "path": "/nix/store/sfxqfky9j47qlln0kd620q693rgcnn49-nix-2.32.3-dev"
            },
            {
              "name": "doc",
              "path": "/nix/store/jiibr0dvl74fs8al3yynlg60pzxpk7s6-nix-2.32.3-doc"
            }
          ],
          "store_path": "/nix/store/2r2m5qgi4bsmn0dfvzlhfv6l5476ig84-nix-2.32.3"
        },
        "aarch64-linux": {
          "outputs": [
            {
              "name": "out",
              "path": "/nix/store/4w9q5ylpggfmvbnnyjwh8ac70b2qvk5b-nix-2.32.3",
              "default": true
            },
            {
              "name": "man",
              "path": "/nix/store/k4jy8z6sdq3f2347yandym630hzlicd6-nix-2.32.3-man",
              "default": true
            },
            {
              "name": "dev",
              "path": "/nix/store/6izx42v20jxgqx78ijnfl7cxkqq0sgf9-nix-2.32.3-dev"
            },
            {
              "name": "doc",
              "path": "/nix/store/g0zxqdgw1r3vslkxyp17a4cp1rpi8js1-nix-2.32.3-doc"
            }
          ],
          "store_path": "/nix/store/4w9q5ylpggfmvbnnyjwh8ac70b2qvk5b-nix-2.32.3"
        },
        "x86_64-darwin": {
          "outputs": [
            {
              "name": "out",
              "path": "/nix/store/vq9hhilbwgvc0p0qzj3mspg15iivshqz-nix-2.32.3",
              "default": true
            },
            {
              "name": "man",
              "path": "/nix/store/nxj6bv3jf5yjbvgj9ayqix1jic6kzn7f-nix-2.32.3-man",
              "default": true
            },
            {
              "name": "dev",
              "path": "/nix/store/mg9qcddsdbspj2rxywvmy4hs4zjfii7k-nix-2.32.3-dev"
            },
            {
              "name": "doc",
              "path": "/nix/store/00dnznvvahwf33xxpr4lfga67x4ydgi6-nix-2.32.3-doc"
            }
          ],
          "store_path": "/nix/store/vq9hhilbwgvc0p0qzj3mspg15iivshqz-nix-2.32.3"
        },
        "x86_64-linux": {
          "outputs": [
            {
              "name": "out",
              "path": "/nix/store/w4iah7ifkz25604p5yrbqkrxfbsf67hl-nix-2.32.3",
              "default": true
            },
            {
              "name": "man",
              "path": "/nix/store/8wiwj0ny03vl6i8gd8smniipp4y2bkdp-nix-2.32.3-man",
              "default": true
            },
            {
              "name": "dev",
              "path": "/nix/store/q0rdsv7m6di4h1znlhaf87qflwm7nf1s-nix-2.32.3-dev"
            },
            {
              "name": "doc",
              "path": "/nix/store/j6jfssv2gx7fychk99ywln44v5wq26b0-nix-2.32.3-doc"
            }
          ],
          "store_path": "/nix/store/w4iah7ifkz25604p5yrbqkrxfbsf67hl-nix-2.32.3"
        }
      }
    },
    "nixd@1.2.3": {
      "last_modified": "2024-04-19T21:36:04Z",
      "resolved": "github:NixOS/nixpkgs/92d295f588631b0db2da509f381b4fb1e74173c5#nixd",
      "source": "devbox-search",
      "version": "1.2.3",
      "systems": {
        "aarch64-darwin": {
          "outputs": [
            {
              "name": "out",
              "path": "/nix/store/rh81vlghy3sipjq6n5p8wixaqkd4b741-nixd-1.2.3",
              "default": true
            }
          ],
          "store_path": "/nix/store/rh81vlghy3sipjq6n5p8wixaqkd4b741-nixd-1.2.3"
        },
        "aarch64-linux": {
          "outputs": [
            {
              "name": "out",
              "path": "/nix/store/z1k2jw79lh6n204bpz5g2n8mxv438frz-nixd-1.2.3",
              "default": true
            }
          ],
          "store_path": "/nix/store/z1k2jw79lh6n204bpz5g2n8mxv438frz-nixd-1.2.3"
        },
        "x86_64-darwin": {
          "outputs": [
            {
              "name": "out",
              "path": "/nix/store/rvlcib0ddzqqb1nndm85k4ghjm8hd4rv-nixd-1.2.3",
              "default": true
            }
          ],
          "store_path": "/nix/store/rvlcib0ddzqqb1nndm85k4ghjm8hd4rv-nixd-1.2.3"
        },
        "x86_64-linux": {
          "outputs": [
            {
              "name": "out",
              "path": "/nix/store/kac0l2mhc3llfn69hrxzgl08c690xnbh-nixd-1.2.3",
              "default": true
            }
          ],
          "store_path": "/nix/store/kac0l2mhc3llfn69hrxzgl08c690xnbh-nixd-1.2.3"
        }
      }
    },
    "poetry@latest": {
      "last_modified": "2025-11-04T19:54:02Z",
      "plugin_version": "0.0.4",
      "resolved": "github:NixOS/nixpkgs/12c1f0253aa9a54fdf8ec8aecaafada64a111e24#poetry",
      "source": "devbox-search",
      "version": "2.2.1",
      "systems": {
        "aarch64-darwin": {
          "outputs": [
            {
              "name": "out",
              "path": "/nix/store/9fsr5qar7zgakd3c8xh38fzh99nrrdcq-python3.13-poetry-2.2.1",
              "default": true
            },
            {
              "name": "dist",
              "path": "/nix/store/sal8zdwyq8gi1jzg2nflf77b4qyrz2zr-python3.13-poetry-2.2.1-dist"
            }
          ],
          "store_path": "/nix/store/9fsr5qar7zgakd3c8xh38fzh99nrrdcq-python3.13-poetry-2.2.1"
        },
        "aarch64-linux": {
          "outputs": [
            {
              "name": "out",
              "path": "/nix/store/v5yk0mxdzvf2drfxs8l6d83m6w29lrlz-python3.13-poetry-2.2.1",
              "default": true
            },
            {
              "name": "dist",
              "path": "/nix/store/wmca7gxx2nm1404v2xpnyqmbwar3f34m-python3.13-poetry-2.2.1-dist"
            }
          ],
          "store_path": "/nix/store/v5yk0mxdzvf2drfxs8l6d83m6w29lrlz-python3.13-poetry-2.2.1"
        },
        "x86_64-darwin": {
          "outputs": [
            {
              "name": "out",
              "path": "/nix/store/c0b0wz5wgrhl4452zpc0dfdnfkckk9n0-python3.13-poetry-2.2.1",
              "default": true
            },
            {
              "name": "dist",
              "path": "/nix/store/hp3xapfj0zfl8rbvkq3kvh7v0l5xbhd3-python3.13-poetry-2.2.1-dist"
            }
          ],
          "store_path": "/nix/store/c0b0wz5wgrhl4452zpc0dfdnfkckk9n0-python3.13-poetry-2.2.1"
        },
        "x86_64-linux": {
          "outputs": [
            {
              "name": "out",
              "path": "/nix/store/qhvdlj36cw72m27x5saa5b6fmpl9anr6-python3.13-poetry-2.2.1",
              "default": true
            },
            {
              "name": "dist",
              "path": "/nix/store/crj7i11d6gkqb5c67msmbw2267fzi1xb-python3.13-poetry-2.2.1-dist"
            }
          ],
          "store_path": "/nix/store/qhvdlj36cw72m27x5saa5b6fmpl9anr6-python3.13-poetry-2.2.1"
        }
      }
    },
    "python@latest": {
      "last_modified": "2025-10-22T20:59:19Z",
      "plugin_version": "0.0.4",
      "resolved": "github:NixOS/nixpkgs/01b6809f7f9d1183a2b3e081f0a1e6f8f415cb09#python314",
      "source": "devbox-search",
      "version": "3.14.0",
      "systems": {
        "aarch64-darwin": {
          "outputs": [
            {
              "name": "out",
              "path": "/nix/store/7rai4cm476kqnldsy72v7f6nfvdyj7x3-python3-3.14.0",
              "default": true
            }
          ],
          "store_path": "/nix/store/7rai4cm476kqnldsy72v7f6nfvdyj7x3-python3-3.14.0"
        },
        "aarch64-linux": {
          "outputs": [
            {
              "name": "out",
              "path": "/nix/store/62757miqpqnkr21mkvzqva2xjdqwxlsv-python3-3.14.0",
              "default": true
            },
            {
              "name": "debug",
              "path": "/nix/store/5rnwkq9b4c3qbifhzgfqmkgws0fq9kbf-python3-3.14.0-debug"
            }
          ],
          "store_path": "/nix/store/62757miqpqnkr21mkvzqva2xjdqwxlsv-python3-3.14.0"
        },
        "x86_64-darwin": {
          "outputs": [
            {
              "name": "out",
              "path": "/nix/store/7sfklvafg6rknjh0712xhhg5nfh1ka8q-python3-3.14.0",
              "default": true
            }
          ],
          "store_path": "/nix/store/7sfklvafg6rknjh0712xhhg5nfh1ka8q-python3-3.14.0"
        },
        "x86_64-linux": {
          "outputs": [
            {
              "name": "out",
              "path": "/nix/store/qr8r21z56anbmp1dji1kfyfi5wakshz5-python3-3.14.0",
              "default": true
            },
            {
              "name": "debug",
              "path": "/nix/store/n1n81aqgrlhnski2630wdijnngzsbpqh-python3-3.14.0-debug"
            }
          ],
          "store_path": "/nix/store/qr8r21z56anbmp1dji1kfyfi5wakshz5-python3-3.14.0"
        }
      }
    },
    "uv@latest": {
      "last_modified": "2025-10-22T20:59:19Z",
      "resolved": "github:NixOS/nixpkgs/01b6809f7f9d1183a2b3e081f0a1e6f8f415cb09#uv",
      "source": "devbox-search",
      "version": "0.8.23",
      "systems": {
        "aarch64-darwin": {
          "outputs": [
            {
              "name": "out",
              "path": "/nix/store/3q234qjj0cvdb8yjaiq64gk2q7r1nwcx-uv-0.8.23",
              "default": true
            }
          ],
          "store_path": "/nix/store/3q234qjj0cvdb8yjaiq64gk2q7r1nwcx-uv-0.8.23"
        },
        "aarch64-linux": {
          "outputs": [
            {
              "name": "out",
              "path": "/nix/store/ymbshk79amchwmhvnh8xh5f1608a3p80-uv-0.8.23",
              "default": true
            }
          ],
          "store_path": "/nix/store/ymbshk79amchwmhvnh8xh5f1608a3p80-uv-0.8.23"
        },
        "x86_64-darwin": {
          "outputs": [
            {
              "name": "out",
              "path": "/nix/store/lnl1zz7f97pqj6bqzqpglf0lhgcy5pk0-uv-0.8.23",
              "default": true
            }
          ],
          "store_path": "/nix/store/lnl1zz7f97pqj6bqzqpglf0lhgcy5pk0-uv-0.8.23"
        },
        "x86_64-linux": {
          "outputs": [
            {
              "name": "out",
              "path": "/nix/store/n6chrdybb91npp8gvf8mjk55smx4sn8s-uv-0.8.23",
              "default": true
            }
          ],
          "store_path": "/nix/store/n6chrdybb91npp8gvf8mjk55smx4sn8s-uv-0.8.23"
        }
      }
    }
  }
}
